// !$*UTF8*$!
{
	archiveVersion = 1;
	classes = {
	};
	objectVersion = 56;
	objects = {

/* Begin PBXBuildFile section */
		CC06AB002B79E09200D5F7E8 /* AppDelegate.swift in Sources */ = {isa = PBXBuildFile; fileRef = CC06AAFF2B79E09200D5F7E8 /* AppDelegate.swift */; };
		CC06AB022B79E09200D5F7E8 /* SceneDelegate.swift in Sources */ = {isa = PBXBuildFile; fileRef = CC06AB012B79E09200D5F7E8 /* SceneDelegate.swift */; };
		CC06AB042B79E09200D5F7E8 /* ViewController.swift in Sources */ = {isa = PBXBuildFile; fileRef = CC06AB032B79E09200D5F7E8 /* ViewController.swift */; };
		CC06AB072B79E09200D5F7E8 /* Main.storyboard in Resources */ = {isa = PBXBuildFile; fileRef = CC06AB052B79E09200D5F7E8 /* Main.storyboard */; };
		CC06AB092B79E09300D5F7E8 /* Assets.xcassets in Resources */ = {isa = PBXBuildFile; fileRef = CC06AB082B79E09300D5F7E8 /* Assets.xcassets */; };
		CC06AB0C2B79E09300D5F7E8 /* LaunchScreen.storyboard in Resources */ = {isa = PBXBuildFile; fileRef = CC06AB0A2B79E09300D5F7E8 /* LaunchScreen.storyboard */; };
		CC06AB172B79E09400D5F7E8 /* PotocolAndDelegateTests.swift in Sources */ = {isa = PBXBuildFile; fileRef = CC06AB162B79E09400D5F7E8 /* PotocolAndDelegateTests.swift */; };
		CC06AB212B79E09400D5F7E8 /* PotocolAndDelegateUITests.swift in Sources */ = {isa = PBXBuildFile; fileRef = CC06AB202B79E09400D5F7E8 /* PotocolAndDelegateUITests.swift */; };
		CC06AB232B79E09400D5F7E8 /* PotocolAndDelegateUITestsLaunchTests.swift in Sources */ = {isa = PBXBuildFile; fileRef = CC06AB222B79E09400D5F7E8 /* PotocolAndDelegateUITestsLaunchTests.swift */; };
/* End PBXBuildFile section */

/* Begin PBXContainerItemProxy section */
		CC06AB132B79E09400D5F7E8 /* PBXContainerItemProxy */ = {
			isa = PBXContainerItemProxy;
			containerPortal = CC06AAF42B79E09100D5F7E8 /* Project object */;
			proxyType = 1;
			remoteGlobalIDString = CC06AAFB2B79E09100D5F7E8;
			remoteInfo = PotocolAndDelegate;
		};
		CC06AB1D2B79E09400D5F7E8 /* PBXContainerItemProxy */ = {
			isa = PBXContainerItemProxy;
			containerPortal = CC06AAF42B79E09100D5F7E8 /* Project object */;
			proxyType = 1;
			remoteGlobalIDString = CC06AAFB2B79E09100D5F7E8;
			remoteInfo = PotocolAndDelegate;
		};
/* End PBXContainerItemProxy section */

/* Begin PBXFileReference section */
		CC06AAFC2B79E09100D5F7E8 /* PotocolAndDelegate.app */ = {isa = PBXFileReference; explicitFileType = wrapper.application; includeInIndex = 0; path = PotocolAndDelegate.app; sourceTree = BUILT_PRODUCTS_DIR; };
		CC06AAFF2B79E09200D5F7E8 /* AppDelegate.swift */ = {isa = PBXFileReference; lastKnownFileType = sourcecode.swift; path = AppDelegate.swift; sourceTree = "<group>"; };
		CC06AB012B79E09200D5F7E8 /* SceneDelegate.swift */ = {isa = PBXFileReference; lastKnownFileType = sourcecode.swift; path = SceneDelegate.swift; sourceTree = "<group>"; };
		CC06AB032B79E09200D5F7E8 /* ViewController.swift */ = {isa = PBXFileReference; lastKnownFileType = sourcecode.swift; path = ViewController.swift; sourceTree = "<group>"; };
		CC06AB062B79E09200D5F7E8 /* Base */ = {isa = PBXFileReference; lastKnownFileType = file.storyboard; name = Base; path = Base.lproj/Main.storyboard; sourceTree = "<group>"; };
		CC06AB082B79E09300D5F7E8 /* Assets.xcassets */ = {isa = PBXFileReference; lastKnownFileType = folder.assetcatalog; path = Assets.xcassets; sourceTree = "<group>"; };
		CC06AB0B2B79E09300D5F7E8 /* Base */ = {isa = PBXFileReference; lastKnownFileType = file.storyboard; name = Base; path = Base.lproj/LaunchScreen.storyboard; sourceTree = "<group>"; };
		CC06AB0D2B79E09300D5F7E8 /* Info.plist */ = {isa = PBXFileReference; lastKnownFileType = text.plist.xml; path = Info.plist; sourceTree = "<group>"; };
		CC06AB122B79E09400D5F7E8 /* PotocolAndDelegateTests.xctest */ = {isa = PBXFileReference; explicitFileType = wrapper.cfbundle; includeInIndex = 0; path = PotocolAndDelegateTests.xctest; sourceTree = BUILT_PRODUCTS_DIR; };
		CC06AB162B79E09400D5F7E8 /* PotocolAndDelegateTests.swift */ = {isa = PBXFileReference; lastKnownFileType = sourcecode.swift; path = PotocolAndDelegateTests.swift; sourceTree = "<group>"; };
		CC06AB1C2B79E09400D5F7E8 /* PotocolAndDelegateUITests.xctest */ = {isa = PBXFileReference; explicitFileType = wrapper.cfbundle; includeInIndex = 0; path = PotocolAndDelegateUITests.xctest; sourceTree = BUILT_PRODUCTS_DIR; };
		CC06AB202B79E09400D5F7E8 /* PotocolAndDelegateUITests.swift */ = {isa = PBXFileReference; lastKnownFileType = sourcecode.swift; path = PotocolAndDelegateUITests.swift; sourceTree = "<group>"; };
		CC06AB222B79E09400D5F7E8 /* PotocolAndDelegateUITestsLaunchTests.swift */ = {isa = PBXFileReference; lastKnownFileType = sourcecode.swift; path = PotocolAndDelegateUITestsLaunchTests.swift; sourceTree = "<group>"; };
/* End PBXFileReference section */

/* Begin PBXFrameworksBuildPhase section */
		CC06AAF92B79E09100D5F7E8 /* Frameworks */ = {
			isa = PBXFrameworksBuildPhase;
			buildActionMask = 2147483647;
			files = (
			);
			runOnlyForDeploymentPostprocessing = 0;
		};
		CC06AB0F2B79E09400D5F7E8 /* Frameworks */ = {
			isa = PBXFrameworksBuildPhase;
			buildActionMask = 2147483647;
			files = (
			);
			runOnlyForDeploymentPostprocessing = 0;
		};
		CC06AB192B79E09400D5F7E8 /* Frameworks */ = {
			isa = PBXFrameworksBuildPhase;
			buildActionMask = 2147483647;
			files = (
			);
			runOnlyForDeploymentPostprocessing = 0;
		};
/* End PBXFrameworksBuildPhase section */

/* Begin PBXGroup section */
		CC06AAF32B79E09100D5F7E8 = {
			isa = PBXGroup;
			children = (
				CC06AAFE2B79E09100D5F7E8 /* PotocolAndDelegate */,
				CC06AB152B79E09400D5F7E8 /* PotocolAndDelegateTests */,
				CC06AB1F2B79E09400D5F7E8 /* PotocolAndDelegateUITests */,
				CC06AAFD2B79E09100D5F7E8 /* Products */,
			);
			sourceTree = "<group>";
		};
		CC06AAFD2B79E09100D5F7E8 /* Products */ = {
			isa = PBXGroup;
			children = (
				CC06AAFC2B79E09100D5F7E8 /* PotocolAndDelegate.app */,
				CC06AB122B79E09400D5F7E8 /* PotocolAndDelegateTests.xctest */,
				CC06AB1C2B79E09400D5F7E8 /* PotocolAndDelegateUITests.xctest */,
			);
			name = Products;
			sourceTree = "<group>";
		};
		CC06AAFE2B79E09100D5F7E8 /* PotocolAndDelegate */ = {
			isa = PBXGroup;
			children = (
				CC06AAFF2B79E09200D5F7E8 /* AppDelegate.swift */,
				CC06AB012B79E09200D5F7E8 /* SceneDelegate.swift */,
				CC06AB032B79E09200D5F7E8 /* ViewController.swift */,
				CC06AB052B79E09200D5F7E8 /* Main.storyboard */,
				CC06AB082B79E09300D5F7E8 /* Assets.xcassets */,
				CC06AB0A2B79E09300D5F7E8 /* LaunchScreen.storyboard */,
				CC06AB0D2B79E09300D5F7E8 /* Info.plist */,
			);
			path = PotocolAndDelegate;
			sourceTree = "<group>";
		};
		CC06AB152B79E09400D5F7E8 /* PotocolAndDelegateTests */ = {
			isa = PBXGroup;
			children = (
				CC06AB162B79E09400D5F7E8 /* PotocolAndDelegateTests.swift */,
			);
			path = PotocolAndDelegateTests;
			sourceTree = "<group>";
		};
		CC06AB1F2B79E09400D5F7E8 /* PotocolAndDelegateUITests */ = {
			isa = PBXGroup;
			children = (
				CC06AB202B79E09400D5F7E8 /* PotocolAndDelegateUITests.swift */,
				CC06AB222B79E09400D5F7E8 /* PotocolAndDelegateUITestsLaunchTests.swift */,
			);
			path = PotocolAndDelegateUITests;
			sourceTree = "<group>";
		};
/* End PBXGroup section */

/* Begin PBXNativeTarget section */
		CC06AAFB2B79E09100D5F7E8 /* PotocolAndDelegate */ = {
			isa = PBXNativeTarget;
			buildConfigurationList = CC06AB262B79E09400D5F7E8 /* Build configuration list for PBXNativeTarget "PotocolAndDelegate" */;
			buildPhases = (
				CC06AAF82B79E09100D5F7E8 /* Sources */,
				CC06AAF92B79E09100D5F7E8 /* Frameworks */,
				CC06AAFA2B79E09100D5F7E8 /* Resources */,
			);
			buildRules = (
			);
			dependencies = (
			);
			name = PotocolAndDelegate;
			productName = PotocolAndDelegate;
			productReference = CC06AAFC2B79E09100D5F7E8 /* PotocolAndDelegate.app */;
			productType = "com.apple.product-type.application";
		};
		CC06AB112B79E09400D5F7E8 /* PotocolAndDelegateTests */ = {
			isa = PBXNativeTarget;
			buildConfigurationList = CC06AB292B79E09400D5F7E8 /* Build configuration list for PBXNativeTarget "PotocolAndDelegateTests" */;
			buildPhases = (
				CC06AB0E2B79E09400D5F7E8 /* Sources */,
				CC06AB0F2B79E09400D5F7E8 /* Frameworks */,
				CC06AB102B79E09400D5F7E8 /* Resources */,
			);
			buildRules = (
			);
			dependencies = (
				CC06AB142B79E09400D5F7E8 /* PBXTargetDependency */,
			);
			name = PotocolAndDelegateTests;
			productName = PotocolAndDelegateTests;
			productReference = CC06AB122B79E09400D5F7E8 /* PotocolAndDelegateTests.xctest */;
			productType = "com.apple.product-type.bundle.unit-test";
		};
		CC06AB1B2B79E09400D5F7E8 /* PotocolAndDelegateUITests */ = {
			isa = PBXNativeTarget;
			buildConfigurationList = CC06AB2C2B79E09400D5F7E8 /* Build configuration list for PBXNativeTarget "PotocolAndDelegateUITests" */;
			buildPhases = (
				CC06AB182B79E09400D5F7E8 /* Sources */,
				CC06AB192B79E09400D5F7E8 /* Frameworks */,
				CC06AB1A2B79E09400D5F7E8 /* Resources */,
			);
			buildRules = (
			);
			dependencies = (
				CC06AB1E2B79E09400D5F7E8 /* PBXTargetDependency */,
			);
			name = PotocolAndDelegateUITests;
			productName = PotocolAndDelegateUITests;
			productReference = CC06AB1C2B79E09400D5F7E8 /* PotocolAndDelegateUITests.xctest */;
			productType = "com.apple.product-type.bundle.ui-testing";
		};
/* End PBXNativeTarget section */

/* Begin PBXProject section */
		CC06AAF42B79E09100D5F7E8 /* Project object */ = {
			isa = PBXProject;
			attributes = {
				BuildIndependentTargetsInParallel = 1;
				LastSwiftUpdateCheck = 1420;
				LastUpgradeCheck = 1420;
				TargetAttributes = {
					CC06AAFB2B79E09100D5F7E8 = {
						CreatedOnToolsVersion = 14.2;
					};
					CC06AB112B79E09400D5F7E8 = {
						CreatedOnToolsVersion = 14.2;
						TestTargetID = CC06AAFB2B79E09100D5F7E8;
					};
					CC06AB1B2B79E09400D5F7E8 = {
						CreatedOnToolsVersion = 14.2;
						TestTargetID = CC06AAFB2B79E09100D5F7E8;
					};
				};
			};
			buildConfigurationList = CC06AAF72B79E09100D5F7E8 /* Build configuration list for PBXProject "PotocolAndDelegate" */;
			compatibilityVersion = "Xcode 14.0";
			developmentRegion = en;
			hasScannedForEncodings = 0;
			knownRegions = (
				en,
				Base,
			);
			mainGroup = CC06AAF32B79E09100D5F7E8;
			productRefGroup = CC06AAFD2B79E09100D5F7E8 /* Products */;
			projectDirPath = "";
			projectRoot = "";
			targets = (
				CC06AAFB2B79E09100D5F7E8 /* PotocolAndDelegate */,
				CC06AB112B79E09400D5F7E8 /* PotocolAndDelegateTests */,
				CC06AB1B2B79E09400D5F7E8 /* PotocolAndDelegateUITests */,
			);
		};
/* End PBXProject section */

/* Begin PBXResourcesBuildPhase section */
		CC06AAFA2B79E09100D5F7E8 /* Resources */ = {
			isa = PBXResourcesBuildPhase;
			buildActionMask = 2147483647;
			files = (
				CC06AB0C2B79E09300D5F7E8 /* LaunchScreen.storyboard in Resources */,
				CC06AB092B79E09300D5F7E8 /* Assets.xcassets in Resources */,
				CC06AB072B79E09200D5F7E8 /* Main.storyboard in Resources */,
			);
			runOnlyForDeploymentPostprocessing = 0;
		};
		CC06AB102B79E09400D5F7E8 /* Resources */ = {
			isa = PBXResourcesBuildPhase;
			buildActionMask = 2147483647;
			files = (
			);
			runOnlyForDeploymentPostprocessing = 0;
		};
		CC06AB1A2B79E09400D5F7E8 /* Resources */ = {
			isa = PBXResourcesBuildPhase;
			buildActionMask = 2147483647;
			files = (
			);
			runOnlyForDeploymentPostprocessing = 0;
		};
/* End PBXResourcesBuildPhase section */

/* Begin PBXSourcesBuildPhase section */
		CC06AAF82B79E09100D5F7E8 /* Sources */ = {
			isa = PBXSourcesBuildPhase;
			buildActionMask = 2147483647;
			files = (
				CC06AB042B79E09200D5F7E8 /* ViewController.swift in Sources */,
				CC06AB002B79E09200D5F7E8 /* AppDelegate.swift in Sources */,
				CC06AB022B79E09200D5F7E8 /* SceneDelegate.swift in Sources */,
			);
			runOnlyForDeploymentPostprocessing = 0;
		};
		CC06AB0E2B79E09400D5F7E8 /* Sources */ = {
			isa = PBXSourcesBuildPhase;
			buildActionMask = 2147483647;
			files = (
				CC06AB172B79E09400D5F7E8 /* PotocolAndDelegateTests.swift in Sources */,
			);
			runOnlyForDeploymentPostprocessing = 0;
		};
		CC06AB182B79E09400D5F7E8 /* Sources */ = {
			isa = PBXSourcesBuildPhase;
			buildActionMask = 2147483647;
			files = (
				CC06AB232B79E09400D5F7E8 /* PotocolAndDelegateUITestsLaunchTests.swift in Sources */,
				CC06AB212B79E09400D5F7E8 /* PotocolAndDelegateUITests.swift in Sources */,
			);
			runOnlyForDeploymentPostprocessing = 0;
		};
/* End PBXSourcesBuildPhase section */

/* Begin PBXTargetDependency section */
		CC06AB142B79E09400D5F7E8 /* PBXTargetDependency */ = {
			isa = PBXTargetDependency;
			target = CC06AAFB2B79E09100D5F7E8 /* PotocolAndDelegate */;
			targetProxy = CC06AB132B79E09400D5F7E8 /* PBXContainerItemProxy */;
		};
		CC06AB1E2B79E09400D5F7E8 /* PBXTargetDependency */ = {
			isa = PBXTargetDependency;
			target = CC06AAFB2B79E09100D5F7E8 /* PotocolAndDelegate */;
			targetProxy = CC06AB1D2B79E09400D5F7E8 /* PBXContainerItemProxy */;
		};
/* End PBXTargetDependency section */

/* Begin PBXVariantGroup section */
		CC06AB052B79E09200D5F7E8 /* Main.storyboard */ = {
			isa = PBXVariantGroup;
			children = (
				CC06AB062B79E09200D5F7E8 /* Base */,
			);
			name = Main.storyboard;
			sourceTree = "<group>";
		};
		CC06AB0A2B79E09300D5F7E8 /* LaunchScreen.storyboard */ = {
			isa = PBXVariantGroup;
			children = (
				CC06AB0B2B79E09300D5F7E8 /* Base */,
			);
			name = LaunchScreen.storyboard;
			sourceTree = "<group>";
		};
/* End PBXVariantGroup section */

/* Begin XCBuildConfiguration section */
		CC06AB242B79E09400D5F7E8 /* Debug */ = {
			isa = XCBuildConfiguration;
			buildSettings = {
				ALWAYS_SEARCH_USER_PATHS = NO;
				CLANG_ANALYZER_NONNULL = YES;
				CLANG_ANALYZER_NUMBER_OBJECT_CONVERSION = YES_AGGRESSIVE;
				CLANG_CXX_LANGUAGE_STANDARD = "gnu++20";
				CLANG_ENABLE_MODULES = YES;
				CLANG_ENABLE_OBJC_ARC = YES;
				CLANG_ENABLE_OBJC_WEAK = YES;
				CLANG_WARN_BLOCK_CAPTURE_AUTORELEASING = YES;
				CLANG_WARN_BOOL_CONVERSION = YES;
				CLANG_WARN_COMMA = YES;
				CLANG_WARN_CONSTANT_CONVERSION = YES;
				CLANG_WARN_DEPRECATED_OBJC_IMPLEMENTATIONS = YES;
				CLANG_WARN_DIRECT_OBJC_ISA_USAGE = YES_ERROR;
				CLANG_WARN_DOCUMENTATION_COMMENTS = YES;
				CLANG_WARN_EMPTY_BODY = YES;
				CLANG_WARN_ENUM_CONVERSION = YES;
				CLANG_WARN_INFINITE_RECURSION = YES;
				CLANG_WARN_INT_CONVERSION = YES;
				CLANG_WARN_NON_LITERAL_NULL_CONVERSION = YES;
				CLANG_WARN_OBJC_IMPLICIT_RETAIN_SELF = YES;
				CLANG_WARN_OBJC_LITERAL_CONVERSION = YES;
				CLANG_WARN_OBJC_ROOT_CLASS = YES_ERROR;
				CLANG_WARN_QUOTED_INCLUDE_IN_FRAMEWORK_HEADER = YES;
				CLANG_WARN_RANGE_LOOP_ANALYSIS = YES;
				CLANG_WARN_STRICT_PROTOTYPES = YES;
				CLANG_WARN_SUSPICIOUS_MOVE = YES;
				CLANG_WARN_UNGUARDED_AVAILABILITY = YES_AGGRESSIVE;
				CLANG_WARN_UNREACHABLE_CODE = YES;
				CLANG_WARN__DUPLICATE_METHOD_MATCH = YES;
				COPY_PHASE_STRIP = NO;
				DEBUG_INFORMATION_FORMAT = dwarf;
				ENABLE_STRICT_OBJC_MSGSEND = YES;
				ENABLE_TESTABILITY = YES;
				GCC_C_LANGUAGE_STANDARD = gnu11;
				GCC_DYNAMIC_NO_PIC = NO;
				GCC_NO_COMMON_BLOCKS = YES;
				GCC_OPTIMIZATION_LEVEL = 0;
				GCC_PREPROCESSOR_DEFINITIONS = (
					"DEBUG=1",
					"$(inherited)",
				);
				GCC_WARN_64_TO_32_BIT_CONVERSION = YES;
				GCC_WARN_ABOUT_RETURN_TYPE = YES_ERROR;
				GCC_WARN_UNDECLARED_SELECTOR = YES;
				GCC_WARN_UNINITIALIZED_AUTOS = YES_AGGRESSIVE;
				GCC_WARN_UNUSED_FUNCTION = YES;
				GCC_WARN_UNUSED_VARIABLE = YES;
				IPHONEOS_DEPLOYMENT_TARGET = 16.2;
				MTL_ENABLE_DEBUG_INFO = INCLUDE_SOURCE;
				MTL_FAST_MATH = YES;
				ONLY_ACTIVE_ARCH = YES;
				SDKROOT = iphoneos;
				SWIFT_ACTIVE_COMPILATION_CONDITIONS = DEBUG;
				SWIFT_OPTIMIZATION_LEVEL = "-Onone";
			};
			name = Debug;
		};
		CC06AB252B79E09400D5F7E8 /* Release */ = {
			isa = XCBuildConfiguration;
			buildSettings = {
				ALWAYS_SEARCH_USER_PATHS = NO;
				CLANG_ANALYZER_NONNULL = YES;
				CLANG_ANALYZER_NUMBER_OBJECT_CONVERSION = YES_AGGRESSIVE;
				CLANG_CXX_LANGUAGE_STANDARD = "gnu++20";
				CLANG_ENABLE_MODULES = YES;
				CLANG_ENABLE_OBJC_ARC = YES;
				CLANG_ENABLE_OBJC_WEAK = YES;
				CLANG_WARN_BLOCK_CAPTURE_AUTORELEASING = YES;
				CLANG_WARN_BOOL_CONVERSION = YES;
				CLANG_WARN_COMMA = YES;
				CLANG_WARN_CONSTANT_CONVERSION = YES;
				CLANG_WARN_DEPRECATED_OBJC_IMPLEMENTATIONS = YES;
				CLANG_WARN_DIRECT_OBJC_ISA_USAGE = YES_ERROR;
				CLANG_WARN_DOCUMENTATION_COMMENTS = YES;
				CLANG_WARN_EMPTY_BODY = YES;
				CLANG_WARN_ENUM_CONVERSION = YES;
				CLANG_WARN_INFINITE_RECURSION = YES;
				CLANG_WARN_INT_CONVERSION = YES;
				CLANG_WARN_NON_LITERAL_NULL_CONVERSION = YES;
				CLANG_WARN_OBJC_IMPLICIT_RETAIN_SELF = YES;
				CLANG_WARN_OBJC_LITERAL_CONVERSION = YES;
				CLANG_WARN_OBJC_ROOT_CLASS = YES_ERROR;
				CLANG_WARN_QUOTED_INCLUDE_IN_FRAMEWORK_HEADER = YES;
				CLANG_WARN_RANGE_LOOP_ANALYSIS = YES;
				CLANG_WARN_STRICT_PROTOTYPES = YES;
				CLANG_WARN_SUSPICIOUS_MOVE = YES;
				CLANG_WARN_UNGUARDED_AVAILABILITY = YES_AGGRESSIVE;
				CLANG_WARN_UNREACHABLE_CODE = YES;
				CLANG_WARN__DUPLICATE_METHOD_MATCH = YES;
				COPY_PHASE_STRIP = NO;
				DEBUG_INFORMATION_FORMAT = "dwarf-with-dsym";
				ENABLE_NS_ASSERTIONS = NO;
				ENABLE_STRICT_OBJC_MSGSEND = YES;
				GCC_C_LANGUAGE_STANDARD = gnu11;
				GCC_NO_COMMON_BLOCKS = YES;
				GCC_WARN_64_TO_32_BIT_CONVERSION = YES;
				GCC_WARN_ABOUT_RETURN_TYPE = YES_ERROR;
				GCC_WARN_UNDECLARED_SELECTOR = YES;
				GCC_WARN_UNINITIALIZED_AUTOS = YES_AGGRESSIVE;
				GCC_WARN_UNUSED_FUNCTION = YES;
				GCC_WARN_UNUSED_VARIABLE = YES;
				IPHONEOS_DEPLOYMENT_TARGET = 16.2;
				MTL_ENABLE_DEBUG_INFO = NO;
				MTL_FAST_MATH = YES;
				SDKROOT = iphoneos;
				SWIFT_COMPILATION_MODE = wholemodule;
				SWIFT_OPTIMIZATION_LEVEL = "-O";
				VALIDATE_PRODUCT = YES;
			};
			name = Release;
		};
		CC06AB272B79E09400D5F7E8 /* Debug */ = {
			isa = XCBuildConfiguration;
			buildSettings = {
				ASSETCATALOG_COMPILER_APPICON_NAME = AppIcon;
				ASSETCATALOG_COMPILER_GLOBAL_ACCENT_COLOR_NAME = AccentColor;
				CODE_SIGN_STYLE = Automatic;
				CURRENT_PROJECT_VERSION = 1;
				GENERATE_INFOPLIST_FILE = YES;
				INFOPLIST_FILE = PotocolAndDelegate/Info.plist;
				INFOPLIST_KEY_UIApplicationSupportsIndirectInputEvents = YES;
				INFOPLIST_KEY_UILaunchStoryboardName = LaunchScreen;
				INFOPLIST_KEY_UIMainStoryboardFile = Main;
				INFOPLIST_KEY_UISupportedInterfaceOrientations_iPad = "UIInterfaceOrientationPortrait UIInterfaceOrientationPortraitUpsideDown UIInterfaceOrientationLandscapeLeft UIInterfaceOrientationLandscapeRight";
				INFOPLIST_KEY_UISupportedInterfaceOrientations_iPhone = "UIInterfaceOrientationPortrait UIInterfaceOrientationLandscapeLeft UIInterfaceOrientationLandscapeRight";
				LD_RUNPATH_SEARCH_PATHS = (
					"$(inherited)",
					"@executable_path/Frameworks",
				);
				MARKETING_VERSION = 1.0;
				PRODUCT_BUNDLE_IDENTIFIER = com.Task.PotocolAndDelegate;
				PRODUCT_NAME = "$(TARGET_NAME)";
				SWIFT_EMIT_LOC_STRINGS = YES;
				SWIFT_VERSION = 5.0;
				TARGETED_DEVICE_FAMILY = "1,2";
			};
			name = Debug;
		};
		CC06AB282B79E09400D5F7E8 /* Release */ = {
			isa = XCBuildConfiguration;
			buildSettings = {
				ASSETCATALOG_COMPILER_APPICON_NAME = AppIcon;
				ASSETCATALOG_COMPILER_GLOBAL_ACCENT_COLOR_NAME = AccentColor;
				CODE_SIGN_STYLE = Automatic;
				CURRENT_PROJECT_VERSION = 1;
				GENERATE_INFOPLIST_FILE = YES;
				INFOPLIST_FILE = PotocolAndDelegate/Info.plist;
				INFOPLIST_KEY_UIApplicationSupportsIndirectInputEvents = YES;
				INFOPLIST_KEY_UILaunchStoryboardName = LaunchScreen;
				INFOPLIST_KEY_UIMainStoryboardFile = Main;
				INFOPLIST_KEY_UISupportedInterfaceOrientations_iPad = "UIInterfaceOrientationPortrait UIInterfaceOrientationPortraitUpsideDown UIInterfaceOrientationLandscapeLeft UIInterfaceOrientationLandscapeRight";
				INFOPLIST_KEY_UISupportedInterfaceOrientations_iPhone = "UIInterfaceOrientationPortrait UIInterfaceOrientationLandscapeLeft UIInterfaceOrientationLandscapeRight";
				LD_RUNPATH_SEARCH_PATHS = (
					"$(inherited)",
					"@executable_path/Frameworks",
				);
				MARKETING_VERSION = 1.0;
				PRODUCT_BUNDLE_IDENTIFIER = com.Task.PotocolAndDelegate;
				PRODUCT_NAME = "$(TARGET_NAME)";
				SWIFT_EMIT_LOC_STRINGS = YES;
				SWIFT_VERSION = 5.0;
				TARGETED_DEVICE_FAMILY = "1,2";
			};
			name = Release;
		};
		CC06AB2A2B79E09400D5F7E8 /* Debug */ = {
			isa = XCBuildConfiguration;
			buildSettings = {
				ALWAYS_EMBED_SWIFT_STANDARD_LIBRARIES = YES;
				BUNDLE_LOADER = "$(TEST_HOST)";
				CODE_SIGN_STYLE = Automatic;
				CURRENT_PROJECT_VERSION = 1;
				GENERATE_INFOPLIST_FILE = YES;
				IPHONEOS_DEPLOYMENT_TARGET = 16.2;
				MARKETING_VERSION = 1.0;
				PRODUCT_BUNDLE_IDENTIFIER = com.Task.PotocolAndDelegateTests;
				PRODUCT_NAME = "$(TARGET_NAME)";
				SWIFT_EMIT_LOC_STRINGS = NO;
				SWIFT_VERSION = 5.0;
				TARGETED_DEVICE_FAMILY = "1,2";
				TEST_HOST = "$(BUILT_PRODUCTS_DIR)/PotocolAndDelegate.app/$(BUNDLE_EXECUTABLE_FOLDER_PATH)/PotocolAndDelegate";
			};
			name = Debug;
		};
		CC06AB2B2B79E09400D5F7E8 /* Release */ = {
			isa = XCBuildConfiguration;
			buildSettings = {
				ALWAYS_EMBED_SWIFT_STANDARD_LIBRARIES = YES;
				BUNDLE_LOADER = "$(TEST_HOST)";
				CODE_SIGN_STYLE = Automatic;
				CURRENT_PROJECT_VERSION = 1;
				GENERATE_INFOPLIST_FILE = YES;
				IPHONEOS_DEPLOYMENT_TARGET = 16.2;
				MARKETING_VERSION = 1.0;
				PRODUCT_BUNDLE_IDENTIFIER = com.Task.PotocolAndDelegateTests;
				PRODUCT_NAME = "$(TARGET_NAME)";
				SWIFT_EMIT_LOC_STRINGS = NO;
				SWIFT_VERSION = 5.0;
				TARGETED_DEVICE_FAMILY = "1,2";
				TEST_HOST = "$(BUILT_PRODUCTS_DIR)/PotocolAndDelegate.app/$(BUNDLE_EXECUTABLE_FOLDER_PATH)/PotocolAndDelegate";
			};
			name = Release;
		};
		CC06AB2D2B79E09400D5F7E8 /* Debug */ = {
			isa = XCBuildConfiguration;
			buildSettings = {
				ALWAYS_EMBED_SWIFT_STANDARD_LIBRARIES = YES;
				CODE_SIGN_STYLE = Automatic;
				CURRENT_PROJECT_VERSION = 1;
				GENERATE_INFOPLIST_FILE = YES;
				MARKETING_VERSION = 1.0;
				PRODUCT_BUNDLE_IDENTIFIER = com.Task.PotocolAndDelegateUITests;
				PRODUCT_NAME = "$(TARGET_NAME)";
				SWIFT_EMIT_LOC_STRINGS = NO;
				SWIFT_VERSION = 5.0;
				TARGETED_DEVICE_FAMILY = "1,2";
				TEST_TARGET_NAME = PotocolAndDelegate;
			};
			name = Debug;
		};
		CC06AB2E2B79E09400D5F7E8 /* Release */ = {
			isa = XCBuildConfiguration;
			buildSettings = {
				ALWAYS_EMBED_SWIFT_STANDARD_LIBRARIES = YES;
				CODE_SIGN_STYLE = Automatic;
				CURRENT_PROJECT_VERSION = 1;
				GENERATE_INFOPLIST_FILE = YES;
				MARKETING_VERSION = 1.0;
				PRODUCT_BUNDLE_IDENTIFIER = com.Task.PotocolAndDelegateUITests;
				PRODUCT_NAME = "$(TARGET_NAME)";
				SWIFT_EMIT_LOC_STRINGS = NO;
				SWIFT_VERSION = 5.0;
				TARGETED_DEVICE_FAMILY = "1,2";
				TEST_TARGET_NAME = PotocolAndDelegate;
			};
			name = Release;
		};
/* End XCBuildConfiguration section */

/* Begin XCConfigurationList section */
		CC06AAF72B79E09100D5F7E8 /* Build configuration list for PBXProject "PotocolAndDelegate" */ = {
			isa = XCConfigurationList;
			buildConfigurations = (
				CC06AB242B79E09400D5F7E8 /* Debug */,
				CC06AB252B79E09400D5F7E8 /* Release */,
			);
			defaultConfigurationIsVisible = 0;
			defaultConfigurationName = Release;
		};
		CC06AB262B79E09400D5F7E8 /* Build configuration list for PBXNativeTarget "PotocolAndDelegate" */ = {
			isa = XCConfigurationList;
			buildConfigurations = (
				CC06AB272B79E09400D5F7E8 /* Debug */,
				CC06AB282B79E09400D5F7E8 /* Release */,
			);
			defaultConfigurationIsVisible = 0;
			defaultConfigurationName = Release;
		};
		CC06AB292B79E09400D5F7E8 /* Build configuration list for PBXNativeTarget "PotocolAndDelegateTests" */ = {
			isa = XCConfigurationList;
			buildConfigurations = (
				CC06AB2A2B79E09400D5F7E8 /* Debug */,
				CC06AB2B2B79E09400D5F7E8 /* Release */,
			);
			defaultConfigurationIsVisible = 0;
			defaultConfigurationName = Release;
		};
		CC06AB2C2B79E09400D5F7E8 /* Build configuration list for PBXNativeTarget "PotocolAndDelegateUITests" */ = {
			isa = XCConfigurationList;
			buildConfigurations = (
				CC06AB2D2B79E09400D5F7E8 /* Debug */,
				CC06AB2E2B79E09400D5F7E8 /* Release */,
			);
			defaultConfigurationIsVisible = 0;
			defaultConfigurationName = Release;
		};
/* End XCConfigurationList section */
	};
	rootObject = CC06AAF42B79E09100D5F7E8 /* Project object */;
}
